// !$*UTF8*$!
{
	archiveVersion = 1;
	classes = {
	};
	objectVersion = 46;
	objects = {

/* Begin PBXBuildFile section */
		236D696D1E5CAAE70014F583 /* TabBarController.swift in Sources */ = {isa = PBXBuildFile; fileRef = 236D696C1E5CAAE70014F583 /* TabBarController.swift */; };
		236D696F1E5CB0350014F583 /* SentMemesCollectionVC.swift in Sources */ = {isa = PBXBuildFile; fileRef = 236D696E1E5CB0350014F583 /* SentMemesCollectionVC.swift */; };
		236D69711E5CB0CF0014F583 /* SentMemesTableVC.swift in Sources */ = {isa = PBXBuildFile; fileRef = 236D69701E5CB0CF0014F583 /* SentMemesTableVC.swift */; };
		236D69731E5F3CAE0014F583 /* SentMemesCollectionViewCell.swift in Sources */ = {isa = PBXBuildFile; fileRef = 236D69721E5F3CAE0014F583 /* SentMemesCollectionViewCell.swift */; };
		236D69751E5F47EF0014F583 /* SentMemesDetatilVC.swift in Sources */ = {isa = PBXBuildFile; fileRef = 236D69741E5F47EF0014F583 /* SentMemesDetatilVC.swift */; };
		237B57D81E1D4BFB00990C9C /* Meme.swift in Sources */ = {isa = PBXBuildFile; fileRef = 237B57D71E1D4BFB00990C9C /* Meme.swift */; };
		2389001B1E192D0F005DE0AE /* AppDelegate.swift in Sources */ = {isa = PBXBuildFile; fileRef = 2389001A1E192D0F005DE0AE /* AppDelegate.swift */; };
		2389001D1E192D0F005DE0AE /* ViewController.swift in Sources */ = {isa = PBXBuildFile; fileRef = 2389001C1E192D0F005DE0AE /* ViewController.swift */; };
		238900201E192D0F005DE0AE /* Main.storyboard in Resources */ = {isa = PBXBuildFile; fileRef = 2389001E1E192D0F005DE0AE /* Main.storyboard */; };
		238900221E192D0F005DE0AE /* Assets.xcassets in Resources */ = {isa = PBXBuildFile; fileRef = 238900211E192D0F005DE0AE /* Assets.xcassets */; };
		238900251E192D0F005DE0AE /* LaunchScreen.storyboard in Resources */ = {isa = PBXBuildFile; fileRef = 238900231E192D0F005DE0AE /* LaunchScreen.storyboard */; };
/* End PBXBuildFile section */

/* Begin PBXFileReference section */
		236D696C1E5CAAE70014F583 /* TabBarController.swift */ = {isa = PBXFileReference; fileEncoding = 4; lastKnownFileType = sourcecode.swift; path = TabBarController.swift; sourceTree = "<group>"; };
		236D696E1E5CB0350014F583 /* SentMemesCollectionVC.swift */ = {isa = PBXFileReference; fileEncoding = 4; lastKnownFileType = sourcecode.swift; path = SentMemesCollectionVC.swift; sourceTree = "<group>"; };
		236D69701E5CB0CF0014F583 /* SentMemesTableVC.swift */ = {isa = PBXFileReference; fileEncoding = 4; lastKnownFileType = sourcecode.swift; path = SentMemesTableVC.swift; sourceTree = "<group>"; };
		236D69721E5F3CAE0014F583 /* SentMemesCollectionViewCell.swift */ = {isa = PBXFileReference; fileEncoding = 4; lastKnownFileType = sourcecode.swift; path = SentMemesCollectionViewCell.swift; sourceTree = "<group>"; };
		236D69741E5F47EF0014F583 /* SentMemesDetatilVC.swift */ = {isa = PBXFileReference; fileEncoding = 4; lastKnownFileType = sourcecode.swift; path = SentMemesDetatilVC.swift; sourceTree = "<group>"; };
		237B57D71E1D4BFB00990C9C /* Meme.swift */ = {isa = PBXFileReference; fileEncoding = 4; lastKnownFileType = sourcecode.swift; path = Meme.swift; sourceTree = "<group>"; };
		238900171E192D0F005DE0AE /* MemeMe.app */ = {isa = PBXFileReference; explicitFileType = wrapper.application; includeInIndex = 0; path = MemeMe.app; sourceTree = BUILT_PRODUCTS_DIR; };
		2389001A1E192D0F005DE0AE /* AppDelegate.swift */ = {isa = PBXFileReference; lastKnownFileType = sourcecode.swift; path = AppDelegate.swift; sourceTree = "<group>"; };
		2389001C1E192D0F005DE0AE /* ViewController.swift */ = {isa = PBXFileReference; lastKnownFileType = sourcecode.swift; path = ViewController.swift; sourceTree = "<group>"; };
		2389001F1E192D0F005DE0AE /* Base */ = {isa = PBXFileReference; lastKnownFileType = file.storyboard; name = Base; path = Base.lproj/Main.storyboard; sourceTree = "<group>"; };
		238900211E192D0F005DE0AE /* Assets.xcassets */ = {isa = PBXFileReference; lastKnownFileType = folder.assetcatalog; path = Assets.xcassets; sourceTree = "<group>"; };
		238900241E192D0F005DE0AE /* Base */ = {isa = PBXFileReference; lastKnownFileType = file.storyboard; name = Base; path = Base.lproj/LaunchScreen.storyboard; sourceTree = "<group>"; };
		238900261E192D0F005DE0AE /* Info.plist */ = {isa = PBXFileReference; lastKnownFileType = text.plist.xml; path = Info.plist; sourceTree = "<group>"; };
/* End PBXFileReference section */

/* Begin PBXFrameworksBuildPhase section */
		238900141E192D0F005DE0AE /* Frameworks */ = {
			isa = PBXFrameworksBuildPhase;
			buildActionMask = 2147483647;
			files = (
			);
			runOnlyForDeploymentPostprocessing = 0;
		};
/* End PBXFrameworksBuildPhase section */

/* Begin PBXGroup section */
		2389000E1E192D0F005DE0AE = {
			isa = PBXGroup;
			children = (
				238900191E192D0F005DE0AE /* MemeMe */,
				238900181E192D0F005DE0AE /* Products */,
			);
			sourceTree = "<group>";
		};
		238900181E192D0F005DE0AE /* Products */ = {
			isa = PBXGroup;
			children = (
				238900171E192D0F005DE0AE /* MemeMe.app */,
			);
			name = Products;
			sourceTree = "<group>";
		};
		238900191E192D0F005DE0AE /* MemeMe */ = {
			isa = PBXGroup;
			children = (
				2389001A1E192D0F005DE0AE /* AppDelegate.swift */,
				2389001C1E192D0F005DE0AE /* ViewController.swift */,
				237B57D71E1D4BFB00990C9C /* Meme.swift */,
				2389001E1E192D0F005DE0AE /* Main.storyboard */,
				236D69741E5F47EF0014F583 /* SentMemesDetatilVC.swift */,
				236D69701E5CB0CF0014F583 /* SentMemesTableVC.swift */,
				236D696E1E5CB0350014F583 /* SentMemesCollectionVC.swift */,
				236D69721E5F3CAE0014F583 /* SentMemesCollectionViewCell.swift */,
				236D696C1E5CAAE70014F583 /* TabBarController.swift */,
				238900211E192D0F005DE0AE /* Assets.xcassets */,
				238900231E192D0F005DE0AE /* LaunchScreen.storyboard */,
				238900261E192D0F005DE0AE /* Info.plist */,
			);
			name = MemeMe;
			path = lort;
			sourceTree = "<group>";
		};
/* End PBXGroup section */

/* Begin PBXNativeTarget section */
		238900161E192D0F005DE0AE /* MemeMe */ = {
			isa = PBXNativeTarget;
			buildConfigurationList = 238900291E192D0F005DE0AE /* Build configuration list for PBXNativeTarget "MemeMe" */;
			buildPhases = (
				238900131E192D0F005DE0AE /* Sources */,
				238900141E192D0F005DE0AE /* Frameworks */,
				238900151E192D0F005DE0AE /* Resources */,
			);
			buildRules = (
			);
			dependencies = (
			);
			name = MemeMe;
			productName = lort;
			productReference = 238900171E192D0F005DE0AE /* MemeMe.app */;
			productType = "com.apple.product-type.application";
		};
/* End PBXNativeTarget section */

/* Begin PBXProject section */
		2389000F1E192D0F005DE0AE /* Project object */ = {
			isa = PBXProject;
			attributes = {
				LastSwiftUpdateCheck = 0810;
				LastUpgradeCheck = 0820;
				ORGANIZATIONNAME = "Carl-Johan";
				TargetAttributes = {
					238900161E192D0F005DE0AE = {
						CreatedOnToolsVersion = 8.1;
						DevelopmentTeam = 65MG9295K9;
						ProvisioningStyle = Automatic;
					};
				};
			};
			buildConfigurationList = 238900121E192D0F005DE0AE /* Build configuration list for PBXProject "MemeMe" */;
			compatibilityVersion = "Xcode 3.2";
			developmentRegion = English;
			hasScannedForEncodings = 0;
			knownRegions = (
				en,
				Base,
			);
			mainGroup = 2389000E1E192D0F005DE0AE;
			productRefGroup = 238900181E192D0F005DE0AE /* Products */;
			projectDirPath = "";
			projectRoot = "";
			targets = (
				238900161E192D0F005DE0AE /* MemeMe */,
			);
		};
/* End PBXProject section */

/* Begin PBXResourcesBuildPhase section */
		238900151E192D0F005DE0AE /* Resources */ = {
			isa = PBXResourcesBuildPhase;
			buildActionMask = 2147483647;
			files = (
				238900251E192D0F005DE0AE /* LaunchScreen.storyboard in Resources */,
				238900221E192D0F005DE0AE /* Assets.xcassets in Resources */,
				238900201E192D0F005DE0AE /* Main.storyboard in Resources */,
			);
			runOnlyForDeploymentPostprocessing = 0;
		};
/* End PBXResourcesBuildPhase section */

/* Begin PBXSourcesBuildPhase section */
		238900131E192D0F005DE0AE /* Sources */ = {
			isa = PBXSourcesBuildPhase;
			buildActionMask = 2147483647;
			files = (
				237B57D81E1D4BFB00990C9C /* Meme.swift in Sources */,
				236D69731E5F3CAE0014F583 /* SentMemesCollectionViewCell.swift in Sources */,
				236D69711E5CB0CF0014F583 /* SentMemesTableVC.swift in Sources */,
				236D696D1E5CAAE70014F583 /* TabBarController.swift in Sources */,
				236D69751E5F47EF0014F583 /* SentMemesDetatilVC.swift in Sources */,
				236D696F1E5CB0350014F583 /* SentMemesCollectionVC.swift in Sources */,
				2389001D1E192D0F005DE0AE /* ViewController.swift in Sources */,
				2389001B1E192D0F005DE0AE /* AppDelegate.swift in Sources */,
			);
			runOnlyForDeploymentPostprocessing = 0;
		};
/* End PBXSourcesBuildPhase section */

/* Begin PBXVariantGroup section */
		2389001E1E192D0F005DE0AE /* Main.storyboard */ = {
			isa = PBXVariantGroup;
			children = (
				2389001F1E192D0F005DE0AE /* Base */,
			);
			name = Main.storyboard;
			sourceTree = "<group>";
		};
		238900231E192D0F005DE0AE /* LaunchScreen.storyboard */ = {
			isa = PBXVariantGroup;
			children = (
				238900241E192D0F005DE0AE /* Base */,
			);
			name = LaunchScreen.storyboard;
			sourceTree = "<group>";
		};
/* End PBXVariantGroup section */

/* Begin XCBuildConfiguration section */
		238900271E192D0F005DE0AE /* Debug */ = {
			isa = XCBuildConfiguration;
			buildSettings = {
				ALWAYS_SEARCH_USER_PATHS = NO;
				CLANG_ANALYZER_NONNULL = YES;
				CLANG_CXX_LANGUAGE_STANDARD = "gnu++0x";
				CLANG_CXX_LIBRARY = "libc++";
				CLANG_ENABLE_MODULES = YES;
				CLANG_ENABLE_OBJC_ARC = YES;
				CLANG_WARN_BOOL_CONVERSION = YES;
				CLANG_WARN_CONSTANT_CONVERSION = YES;
				CLANG_WARN_DIRECT_OBJC_ISA_USAGE = YES_ERROR;
				CLANG_WARN_DOCUMENTATION_COMMENTS = YES;
				CLANG_WARN_EMPTY_BODY = YES;
				CLANG_WARN_ENUM_CONVERSION = YES;
				CLANG_WARN_INFINITE_RECURSION = YES;
				CLANG_WARN_INT_CONVERSION = YES;
				CLANG_WARN_OBJC_ROOT_CLASS = YES_ERROR;
				CLANG_WARN_SUSPICIOUS_MOVE = YES;
				CLANG_WARN_SUSPICIOUS_MOVES = YES;
				CLANG_WARN_UNREACHABLE_CODE = YES;
				CLANG_WARN__DUPLICATE_METHOD_MATCH = YES;
				"CODE_SIGN_IDENTITY[sdk=iphoneos*]" = "iPhone Developer";
				COPY_PHASE_STRIP = NO;
				DEBUG_INFORMATION_FORMAT = dwarf;
				ENABLE_STRICT_OBJC_MSGSEND = YES;
				ENABLE_TESTABILITY = YES;
				GCC_C_LANGUAGE_STANDARD = gnu99;
				GCC_DYNAMIC_NO_PIC = NO;
				GCC_NO_COMMON_BLOCKS = YES;
				GCC_OPTIMIZATION_LEVEL = 0;
				GCC_PREPROCESSOR_DEFINITIONS = (
					"DEBUG=1",
					"$(inherited)",
				);
				GCC_WARN_64_TO_32_BIT_CONVERSION = YES;
				GCC_WARN_ABOUT_RETURN_TYPE = YES_ERROR;
				GCC_WARN_UNDECLARED_SELECTOR = YES;
				GCC_WARN_UNINITIALIZED_AUTOS = YES_AGGRESSIVE;
				GCC_WARN_UNUSED_FUNCTION = YES;
				GCC_WARN_UNUSED_VARIABLE = YES;
				IPHONEOS_DEPLOYMENT_TARGET = 10.1;
				MTL_ENABLE_DEBUG_INFO = YES;
				ONLY_ACTIVE_ARCH = YES;
				SDKROOT = iphoneos;
				SWIFT_ACTIVE_COMPILATION_CONDITIONS = DEBUG;
				SWIFT_OPTIMIZATION_LEVEL = "-Onone";
				TARGETED_DEVICE_FAMILY = "1,2";
			};
			name = Debug;
		};
		238900281E192D0F005DE0AE /* Release */ = {
			isa = XCBuildConfiguration;
			buildSettings = {
				ALWAYS_SEARCH_USER_PATHS = NO;
				CLANG_ANALYZER_NONNULL = YES;
				CLANG_CXX_LANGUAGE_STANDARD = "gnu++0x";
				CLANG_CXX_LIBRARY = "libc++";
				CLANG_ENABLE_MODULES = YES;
				CLANG_ENABLE_OBJC_ARC = YES;
				CLANG_WARN_BOOL_CONVERSION = YES;
				CLANG_WARN_CONSTANT_CONVERSION = YES;
				CLANG_WARN_DIRECT_OBJC_ISA_USAGE = YES_ERROR;
				CLANG_WARN_DOCUMENTATION_COMMENTS = YES;
				CLANG_WARN_EMPTY_BODY = YES;
				CLANG_WARN_ENUM_CONVERSION = YES;
				CLANG_WARN_INFINITE_RECURSION = YES;
				CLANG_WARN_INT_CONVERSION = YES;
				CLANG_WARN_OBJC_ROOT_CLASS = YES_ERROR;
				CLANG_WARN_SUSPICIOUS_MOVE = YES;
				CLANG_WARN_SUSPICIOUS_MOVES = YES;
				CLANG_WARN_UNREACHABLE_CODE = YES;
				CLANG_WARN__DUPLICATE_METHOD_MATCH = YES;
				"CODE_SIGN_IDENTITY[sdk=iphoneos*]" = "iPhone Developer";
				COPY_PHASE_STRIP = NO;
				DEBUG_INFORMATION_FORMAT = "dwarf-with-dsym";
				ENABLE_NS_ASSERTIONS = NO;
				ENABLE_STRICT_OBJC_MSGSEND = YES;
				GCC_C_LANGUAGE_STANDARD = gnu99;
				GCC_NO_COMMON_BLOCKS = YES;
				GCC_WARN_64_TO_32_BIT_CONVERSION = YES;
				GCC_WARN_ABOUT_RETURN_TYPE = YES_ERROR;
				GCC_WARN_UNDECLARED_SELECTOR = YES;
				GCC_WARN_UNINITIALIZED_AUTOS = YES_AGGRESSIVE;
				GCC_WARN_UNUSED_FUNCTION = YES;
				GCC_WARN_UNUSED_VARIABLE = YES;
				IPHONEOS_DEPLOYMENT_TARGET = 10.1;
				MTL_ENABLE_DEBUG_INFO = NO;
				SDKROOT = iphoneos;
				SWIFT_OPTIMIZATION_LEVEL = "-Owholemodule";
				TARGETED_DEVICE_FAMILY = "1,2";
				VALIDATE_PRODUCT = YES;
			};
			name = Release;
		};
		2389002A1E192D0F005DE0AE /* Debug */ = {
			isa = XCBuildConfiguration;
			buildSettings = {
				ASSETCATALOG_COMPILER_APPICON_NAME = AppIcon;
				DEVELOPMENT_TEAM = 65MG9295K9;
				INFOPLIST_FILE = lort/Info.plist;
				IPHONEOS_DEPLOYMENT_TARGET = 10.1;
				LD_RUNPATH_SEARCH_PATHS = "$(inherited) @executable_path/Frameworks";
				PRODUCT_BUNDLE_IDENTIFIER = Carljohan.MemeMe;
				PRODUCT_NAME = "$(TARGET_NAME)";
				SWIFT_VERSION = 3.0;
			};
			name = Debug;
		};
		2389002B1E192D0F005DE0AE /* Release */ = {
			isa = XCBuildConfiguration;
			buildSettings = {
				ASSETCATALOG_COMPILER_APPICON_NAME = AppIcon;
				DEVELOPMENT_TEAM = 65MG9295K9;
				INFOPLIST_FILE = lort/Info.plist;
				IPHONEOS_DEPLOYMENT_TARGET = 10.1;
				LD_RUNPATH_SEARCH_PATHS = "$(inherited) @executable_path/Frameworks";
				PRODUCT_BUNDLE_IDENTIFIER = Carljohan.MemeMe;
				PRODUCT_NAME = "$(TARGET_NAME)";
				SWIFT_VERSION = 3.0;
			};
			name = Release;
		};
/* End XCBuildConfiguration section */

/* Begin XCConfigurationList section */
		238900121E192D0F005DE0AE /* Build configuration list for PBXProject "MemeMe" */ = {
			isa = XCConfigurationList;
			buildConfigurations = (
				238900271E192D0F005DE0AE /* Debug */,
				238900281E192D0F005DE0AE /* Release */,
			);
			defaultConfigurationIsVisible = 0;
			defaultConfigurationName = Release;
		};
		238900291E192D0F005DE0AE /* Build configuration list for PBXNativeTarget "MemeMe" */ = {
			isa = XCConfigurationList;
			buildConfigurations = (
				2389002A1E192D0F005DE0AE /* Debug */,
				2389002B1E192D0F005DE0AE /* Release */,
			);
			defaultConfigurationIsVisible = 0;
			defaultConfigurationName = Release;
		};
/* End XCConfigurationList section */
	};
	rootObject = 2389000F1E192D0F005DE0AE /* Project object */;
}
